
Microsoft Visual Studio Solution File, Format Version 12.00
# Visual Studio Version 17
VisualStudioVersion = 17.9.34728.123
MinimumVisualStudioVersion = 10.0.40219.1
Project("{8BC9CEB8-8B4A-11D0-8D11-00A0C91BC942}") = "042301_alibaba_dme", "042301_alibaba_dme\042301_alibaba_dme.vcxproj", "{D27977B4-184F-493A-AF63-12BA8085C928}"
EndProject
Project("{8BC9CEB8-8B4A-11D0-8D11-00A0C91BC942}") = "042402_huawei", "042402_huawei\042402_huawei.vcxproj", "{DE9D7A81-723A-4DD7-BB64-389B0F851D31}"
EndProject
Project("{8BC9CEB8-8B4A-11D0-8D11-00A0C91BC942}") = "052201_huawei", "052201_huawei\052201_huawei.vcxproj", "{998734E9-F919-42C1-9DEF-6F1B4263CF8D}"
EndProject
Project("{8BC9CEB8-8B4A-11D0-8D11-00A0C91BC942}") = "合信达", "合信达\合信达.vcxproj", "{5EF8FF6F-30CD-4598-ABC3-D55073B17185}"
EndProject
Project("{8BC9CEB8-8B4A-11D0-8D11-00A0C91BC942}") = "demo", "demo\demo.vcxproj", "{E46371D2-1F1D-421D-8635-0A8EEB3210C4}"
EndProject
Project("{8BC9CEB8-8B4A-11D0-8D11-00A0C91BC942}") = "0907_meituan", "0907_meituan\0907_meituan.vcxproj", "{E4489072-2A70-4C96-9435-B099369C2E34}"
EndProject
Project("{8BC9CEB8-8B4A-11D0-8D11-00A0C91BC942}") = "0907JD", "0907JD\0907JD.vcxproj", "{879E5E8D-3F85-474F-BAE0-CA0F97808041}"
EndProject
Project("{8BC9CEB8-8B4A-11D0-8D11-00A0C91BC942}") = "0919_qHuazi", "0919_qHuazi\0919_qHuazi.vcxproj", "{0DD3ADC7-6852-4CBA-A972-11AF8F258367}"
EndProject
Project("{8BC9CEB8-8B4A-11D0-8D11-00A0C91BC942}") = "0922_shd", "0922_shd\0922_shd.vcxproj", "{AB399C28-4507-4605-96A3-735E8B53207C}"
EndProject
Project("{8BC9CEB8-8B4A-11D0-8D11-00A0C91BC942}") = "0925_huawei", "0925_huawei\0925_huawei.vcxproj", "{D1F7A417-2C9E-4E47-BC30-3556DA34ADF7}"
EndProject
Project("{8BC9CEB8-8B4A-11D0-8D11-00A0C91BC942}") = "0926_hs", "0926_hs\0926_hs.vcxproj", "{0DD984A9-9425-4EE1-BA38-878737F0842D}"
EndProject
Project("{8BC9CEB8-8B4A-11D0-8D11-00A0C91BC942}") = "0928_fb", "0928_fb\0928_fb.vcxproj", "{CA7A7337-CFEB-4D06-B24A-0293A999B9BE}"
EndProject
Project("{8BC9CEB8-8B4A-11D0-8D11-00A0C91BC942}") = "0929_Red", "0929_Red\0929_Red.vcxproj", "{53E89855-2122-4C94-8FE6-C36C783951CB}"
EndProject
Global
	GlobalSection(SolutionConfigurationPlatforms) = preSolution
		Debug|x64 = Debug|x64
		Debug|x86 = Debug|x86
		Release|x64 = Release|x64
		Release|x86 = Release|x86
	EndGlobalSection
	GlobalSection(ProjectConfigurationPlatforms) = postSolution
		{D27977B4-184F-493A-AF63-12BA8085C928}.Debug|x64.ActiveCfg = Debug|x64
		{D27977B4-184F-493A-AF63-12BA8085C928}.Debug|x64.Build.0 = Debug|x64
		{D27977B4-184F-493A-AF63-12BA8085C928}.Debug|x86.ActiveCfg = Debug|Win32
		{D27977B4-184F-493A-AF63-12BA8085C928}.Debug|x86.Build.0 = Debug|Win32
		{D27977B4-184F-493A-AF63-12BA8085C928}.Release|x64.ActiveCfg = Release|x64
		{D27977B4-184F-493A-AF63-12BA8085C928}.Release|x64.Build.0 = Release|x64
		{D27977B4-184F-493A-AF63-12BA8085C928}.Release|x86.ActiveCfg = Release|Win32
		{D27977B4-184F-493A-AF63-12BA8085C928}.Release|x86.Build.0 = Release|Win32
		{DE9D7A81-723A-4DD7-BB64-389B0F851D31}.Debug|x64.ActiveCfg = Debug|x64
		{DE9D7A81-723A-4DD7-BB64-389B0F851D31}.Debug|x64.Build.0 = Debug|x64
		{DE9D7A81-723A-4DD7-BB64-389B0F851D31}.Debug|x86.ActiveCfg = Debug|Win32
		{DE9D7A81-723A-4DD7-BB64-389B0F851D31}.Debug|x86.Build.0 = Debug|Win32
		{DE9D7A81-723A-4DD7-BB64-389B0F851D31}.Release|x64.ActiveCfg = Release|x64
		{DE9D7A81-723A-4DD7-BB64-389B0F851D31}.Release|x64.Build.0 = Release|x64
		{DE9D7A81-723A-4DD7-BB64-389B0F851D31}.Release|x86.ActiveCfg = Release|Win32
		{DE9D7A81-723A-4DD7-BB64-389B0F851D31}.Release|x86.Build.0 = Release|Win32
		{998734E9-F919-42C1-9DEF-6F1B4263CF8D}.Debug|x64.ActiveCfg = Debug|x64
		{998734E9-F919-42C1-9DEF-6F1B4263CF8D}.Debug|x64.Build.0 = Debug|x64
		{998734E9-F919-42C1-9DEF-6F1B4263CF8D}.Debug|x86.ActiveCfg = Debug|Win32
		{998734E9-F919-42C1-9DEF-6F1B4263CF8D}.Debug|x86.Build.0 = Debug|Win32
		{998734E9-F919-42C1-9DEF-6F1B4263CF8D}.Release|x64.ActiveCfg = Release|x64
		{998734E9-F919-42C1-9DEF-6F1B4263CF8D}.Release|x64.Build.0 = Release|x64
		{998734E9-F919-42C1-9DEF-6F1B4263CF8D}.Release|x86.ActiveCfg = Release|Win32
		{998734E9-F919-42C1-9DEF-6F1B4263CF8D}.Release|x86.Build.0 = Release|Win32
		{5EF8FF6F-30CD-4598-ABC3-D55073B17185}.Debug|x64.ActiveCfg = Debug|x64
		{5EF8FF6F-30CD-4598-ABC3-D55073B17185}.Debug|x64.Build.0 = Debug|x64
		{5EF8FF6F-30CD-4598-ABC3-D55073B17185}.Debug|x86.ActiveCfg = Debug|Win32
		{5EF8FF6F-30CD-4598-ABC3-D55073B17185}.Debug|x86.Build.0 = Debug|Win32
		{5EF8FF6F-30CD-4598-ABC3-D55073B17185}.Release|x64.ActiveCfg = Release|x64
		{5EF8FF6F-30CD-4598-ABC3-D55073B17185}.Release|x64.Build.0 = Release|x64
		{5EF8FF6F-30CD-4598-ABC3-D55073B17185}.Release|x86.ActiveCfg = Release|Win32
		{5EF8FF6F-30CD-4598-ABC3-D55073B17185}.Release|x86.Build.0 = Release|Win32
		{E46371D2-1F1D-421D-8635-0A8EEB3210C4}.Debug|x64.ActiveCfg = Debug|x64
		{E46371D2-1F1D-421D-8635-0A8EEB3210C4}.Debug|x64.Build.0 = Debug|x64
		{E46371D2-1F1D-421D-8635-0A8EEB3210C4}.Debug|x86.ActiveCfg = Debug|Win32
		{E46371D2-1F1D-421D-8635-0A8EEB3210C4}.Debug|x86.Build.0 = Debug|Win32
		{E46371D2-1F1D-421D-8635-0A8EEB3210C4}.Release|x64.ActiveCfg = Release|x64
		{E46371D2-1F1D-421D-8635-0A8EEB3210C4}.Release|x64.Build.0 = Release|x64
		{E46371D2-1F1D-421D-8635-0A8EEB3210C4}.Release|x86.ActiveCfg = Release|Win32
		{E46371D2-1F1D-421D-8635-0A8EEB3210C4}.Release|x86.Build.0 = Release|Win32
		{E4489072-2A70-4C96-9435-B099369C2E34}.Debug|x64.ActiveCfg = Debug|x64
		{E4489072-2A70-4C96-9435-B099369C2E34}.Debug|x64.Build.0 = Debug|x64
		{E4489072-2A70-4C96-9435-B099369C2E34}.Debug|x86.ActiveCfg = Debug|Win32
		{E4489072-2A70-4C96-9435-B099369C2E34}.Debug|x86.Build.0 = Debug|Win32
		{E4489072-2A70-4C96-9435-B099369C2E34}.Release|x64.ActiveCfg = Release|x64
		{E4489072-2A70-4C96-9435-B099369C2E34}.Release|x64.Build.0 = Release|x64
		{E4489072-2A70-4C96-9435-B099369C2E34}.Release|x86.ActiveCfg = Release|Win32
		{E4489072-2A70-4C96-9435-B099369C2E34}.Release|x86.Build.0 = Release|Win32
		{879E5E8D-3F85-474F-BAE0-CA0F97808041}.Debug|x64.ActiveCfg = Debug|x64
		{879E5E8D-3F85-474F-BAE0-CA0F97808041}.Debug|x64.Build.0 = Debug|x64
		{879E5E8D-3F85-474F-BAE0-CA0F97808041}.Debug|x86.ActiveCfg = Debug|Win32
		{879E5E8D-3F85-474F-BAE0-CA0F97808041}.Debug|x86.Build.0 = Debug|Win32
		{879E5E8D-3F85-474F-BAE0-CA0F97808041}.Release|x64.ActiveCfg = Release|x64
		{879E5E8D-3F85-474F-BAE0-CA0F97808041}.Release|x64.Build.0 = Release|x64
		{879E5E8D-3F85-474F-BAE0-CA0F97808041}.Release|x86.ActiveCfg = Release|Win32
		{879E5E8D-3F85-474F-BAE0-CA0F97808041}.Release|x86.Build.0 = Release|Win32
		{0DD3ADC7-6852-4CBA-A972-11AF8F258367}.Debug|x64.ActiveCfg = Debug|x64
		{0DD3ADC7-6852-4CBA-A972-11AF8F258367}.Debug|x64.Build.0 = Debug|x64
		{0DD3ADC7-6852-4CBA-A972-11AF8F258367}.Debug|x86.ActiveCfg = Debug|Win32
		{0DD3ADC7-6852-4CBA-A972-11AF8F258367}.Debug|x86.Build.0 = Debug|Win32
		{0DD3ADC7-6852-4CBA-A972-11AF8F258367}.Release|x64.ActiveCfg = Release|x64
		{0DD3ADC7-6852-4CBA-A972-11AF8F258367}.Release|x64.Build.0 = Release|x64
		{0DD3ADC7-6852-4CBA-A972-11AF8F258367}.Release|x86.ActiveCfg = Release|Win32
		{0DD3ADC7-6852-4CBA-A972-11AF8F258367}.Release|x86.Build.0 = Release|Win32
		{AB399C28-4507-4605-96A3-735E8B53207C}.Debug|x64.ActiveCfg = Debug|x64
		{AB399C28-4507-4605-96A3-735E8B53207C}.Debug|x64.Build.0 = Debug|x64
		{AB399C28-4507-4605-96A3-735E8B53207C}.Debug|x86.ActiveCfg = Debug|Win32
		{AB399C28-4507-4605-96A3-735E8B53207C}.Debug|x86.Build.0 = Debug|Win32
		{AB399C28-4507-4605-96A3-735E8B53207C}.Release|x64.ActiveCfg = Release|x64
		{AB399C28-4507-4605-96A3-735E8B53207C}.Release|x64.Build.0 = Release|x64
		{AB399C28-4507-4605-96A3-735E8B53207C}.Release|x86.ActiveCfg = Release|Win32
		{AB399C28-4507-4605-96A3-735E8B53207C}.Release|x86.Build.0 = Release|Win32
		{D1F7A417-2C9E-4E47-BC30-3556DA34ADF7}.Debug|x64.ActiveCfg = Debug|x64
		{D1F7A417-2C9E-4E47-BC30-3556DA34ADF7}.Debug|x64.Build.0 = Debug|x64
		{D1F7A417-2C9E-4E47-BC30-3556DA34ADF7}.Debug|x86.ActiveCfg = Debug|Win32
		{D1F7A417-2C9E-4E47-BC30-3556DA34ADF7}.Debug|x86.Build.0 = Debug|Win32
		{D1F7A417-2C9E-4E47-BC30-3556DA34ADF7}.Release|x64.ActiveCfg = Release|x64
		{D1F7A417-2C9E-4E47-BC30-3556DA34ADF7}.Release|x64.Build.0 = Release|x64
		{D1F7A417-2C9E-4E47-BC30-3556DA34ADF7}.Release|x86.ActiveCfg = Release|Win32
		{D1F7A417-2C9E-4E47-BC30-3556DA34ADF7}.Release|x86.Build.0 = Release|Win32
		{0DD984A9-9425-4EE1-BA38-878737F0842D}.Debug|x64.ActiveCfg = Debug|x64
		{0DD984A9-9425-4EE1-BA38-878737F0842D}.Debug|x64.Build.0 = Debug|x64
		{0DD984A9-9425-4EE1-BA38-878737F0842D}.Debug|x86.ActiveCfg = Debug|Win32
		{0DD984A9-9425-4EE1-BA38-878737F0842D}.Debug|x86.Build.0 = Debug|Win32
		{0DD984A9-9425-4EE1-BA38-878737F0842D}.Release|x64.ActiveCfg = Release|x64
		{0DD984A9-9425-4EE1-BA38-878737F0842D}.Release|x64.Build.0 = Release|x64
		{0DD984A9-9425-4EE1-BA38-878737F0842D}.Release|x86.ActiveCfg = Release|Win32
		{0DD984A9-9425-4EE1-BA38-878737F0842D}.Release|x86.Build.0 = Release|Win32
		{CA7A7337-CFEB-4D06-B24A-0293A999B9BE}.Debug|x64.ActiveCfg = Debug|x64
		{CA7A7337-CFEB-4D06-B24A-0293A999B9BE}.Debug|x64.Build.0 = Debug|x64
		{CA7A7337-CFEB-4D06-B24A-0293A999B9BE}.Debug|x86.ActiveCfg = Debug|Win32
		{CA7A7337-CFEB-4D06-B24A-0293A999B9BE}.Debug|x86.Build.0 = Debug|Win32
		{CA7A7337-CFEB-4D06-B24A-0293A999B9BE}.Release|x64.ActiveCfg = Release|x64
		{CA7A7337-CFEB-4D06-B24A-0293A999B9BE}.Release|x64.Build.0 = Release|x64
		{CA7A7337-CFEB-4D06-B24A-0293A999B9BE}.Release|x86.ActiveCfg = Release|Win32
		{CA7A7337-CFEB-4D06-B24A-0293A999B9BE}.Release|x86.Build.0 = Release|Win32
		{53E89855-2122-4C94-8FE6-C36C783951CB}.Debug|x64.ActiveCfg = Debug|x64
		{53E89855-2122-4C94-8FE6-C36C783951CB}.Debug|x64.Build.0 = Debug|x64
		{53E89855-2122-4C94-8FE6-C36C783951CB}.Debug|x86.ActiveCfg = Debug|Win32
		{53E89855-2122-4C94-8FE6-C36C783951CB}.Debug|x86.Build.0 = Debug|Win32
		{53E89855-2122-4C94-8FE6-C36C783951CB}.Release|x64.ActiveCfg = Release|x64
		{53E89855-2122-4C94-8FE6-C36C783951CB}.Release|x64.Build.0 = Release|x64
		{53E89855-2122-4C94-8FE6-C36C783951CB}.Release|x86.ActiveCfg = Release|Win32
		{53E89855-2122-4C94-8FE6-C36C783951CB}.Release|x86.Build.0 = Release|Win32
	EndGlobalSection
	GlobalSection(SolutionProperties) = preSolution
		HideSolutionNode = FALSE
	EndGlobalSection
	GlobalSection(ExtensibilityGlobals) = postSolution
		SolutionGuid = {BE5BD566-AD90-4F1B-8C9D-2D3A9F9F1821}
	EndGlobalSection
EndGlobal
